Microsoft Visual Studio Solution File, Format Version 12.00
# Visual Studio Version 17
VisualStudioVersion = 17.5.2.0
MinimumVisualStudioVersion = 10.0.40219.1
Project("{FAE04EC0-301F-11D3-BF4B-00C04F79EFBC}") = "Parking-API", "Parking-API\Parking-API.csproj", "{0F6699AB-CF16-5FBF-1F95-E601C9C6117A}"
EndProject
Global
	GlobalSection(SolutionConfigurationPlatforms) = preSolution
		Debug|Any CPU = Debug|Any CPU
		Release|Any CPU = Release|Any CPU
	EndGlobalSection
	GlobalSection(ProjectConfigurationPlatforms) = postSolution
		{0F6699AB-CF16-5FBF-1F95-E601C9C6117A}.Debug|Any CPU.ActiveCfg = Debug|Any CPU
		{0F6699AB-CF16-5FBF-1F95-E601C9C6117A}.Debug|Any CPU.Build.0 = Debug|Any CPU
		{0F6699AB-CF16-5FBF-1F95-E601C9C6117A}.Release|Any CPU.ActiveCfg = Release|Any CPU
		{0F6699AB-CF16-5FBF-1F95-E601C9C6117A}.Release|Any CPU.Build.0 = Release|Any CPU
	EndGlobalSection
	GlobalSection(SolutionProperties) = preSolution
		HideSolutionNode = FALSE
	EndGlobalSection
	GlobalSection(ExtensibilityGlobals) = postSolution
		SolutionGuid = {311D418B-C2C2-42A2-B7B3-EB2CA3335196}
	EndGlobalSection
EndGlobal
